
Microsoft Visual Studio Solution File, Format Version 12.00
# Visual Studio Version 16
VisualStudioVersion = 16.0.30503.244
MinimumVisualStudioVersion = 10.0.40219.1
Project("{FAE04EC0-301F-11D3-BF4B-00C04F79EFBC}") = "CustomListProject", "CustomList\CustomListProject.csproj", "{5C114666-F669-4F29-9582-E9166D635C69}"
EndProject
Project("{FAE04EC0-301F-11D3-BF4B-00C04F79EFBC}") = "CustomListTest", "CustomListTest\CustomListTest.csproj", "{747E556C-76EA-4E08-BFDF-A4E350F999F6}"
EndProject
Global
	GlobalSection(SolutionConfigurationPlatforms) = preSolution
		Debug|Any CPU = Debug|Any CPU
		Release|Any CPU = Release|Any CPU
	EndGlobalSection
	GlobalSection(ProjectConfigurationPlatforms) = postSolution
		{5C114666-F669-4F29-9582-E9166D635C69}.Debug|Any CPU.ActiveCfg = Debug|Any CPU
		{5C114666-F669-4F29-9582-E9166D635C69}.Debug|Any CPU.Build.0 = Debug|Any CPU
		{5C114666-F669-4F29-9582-E9166D635C69}.Release|Any CPU.ActiveCfg = Release|Any CPU
		{5C114666-F669-4F29-9582-E9166D635C69}.Release|Any CPU.Build.0 = Release|Any CPU
		{747E556C-76EA-4E08-BFDF-A4E350F999F6}.Debug|Any CPU.ActiveCfg = Debug|Any CPU
		{747E556C-76EA-4E08-BFDF-A4E350F999F6}.Debug|Any CPU.Build.0 = Debug|Any CPU
		{747E556C-76EA-4E08-BFDF-A4E350F999F6}.Release|Any CPU.ActiveCfg = Release|Any CPU
		{747E556C-76EA-4E08-BFDF-A4E350F999F6}.Release|Any CPU.Build.0 = Release|Any CPU
	EndGlobalSection
	GlobalSection(SolutionProperties) = preSolution
		HideSolutionNode = FALSE
	EndGlobalSection
	GlobalSection(ExtensibilityGlobals) = postSolution
		SolutionGuid = {BEB7E3C6-02E9-4AF8-A3D1-CF5334DA85F2}
	EndGlobalSection
EndGlobal
